# This file is automatically @generated by Cargo.
# It is not intended for manual editing.
version = 3

[[package]]
name = "coldsquare"
version = "0.1.0"
dependencies = [
 "cs_class_printer",
 "cs_parser",
]

[[package]]
name = "cs_class_printer"
version = "0.1.0"
dependencies = [
 "cs_parser",
]

[[package]]
name = "cs_model"
version = "0.1.0"

[[package]]
name = "cs_parser"
version = "0.1.0"

[[package]]
name = "cs_vm"
version = "0.1.0"
